
Microsoft Visual Studio Solution File, Format Version 12.00
# Visual Studio 15
VisualStudioVersion = 15.0.27428.2043
MinimumVisualStudioVersion = 10.0.40219.1
Project("{2150E333-8FDC-42A3-9474-1A3956D46DE8}") = "Solution Items", "Solution Items", "{5978B23E-97B4-42B3-8FD7-324AB673E907}"
	ProjectSection(SolutionItems) = preProject
		LICENSE = LICENSE
		PowerMapper.snk = PowerMapper.snk
		Readme.md = Readme.md
	EndProjectSection
EndProject
Project("{9A19103F-16F7-4668-BE54-9A1E7A4F7556}") = "PowerMapper", "src\PowerMapper.csproj", "{521F19A2-BF99-492B-81F7-DC59AEAA2395}"
EndProject
Project("{9A19103F-16F7-4668-BE54-9A1E7A4F7556}") = "PowerMapper.UnitTests", "tests\PowerMapper.UnitTests.csproj", "{4FD8C2D7-9387-42CB-9294-CC34A3BC9FD7}"
EndProject
Project("{9A19103F-16F7-4668-BE54-9A1E7A4F7556}") = "Benchmarks", "benchmark\Benchmarks.csproj", "{49AD0C9F-0AEB-40F0-88ED-861EF1644179}"
EndProject
Global
	GlobalSection(SolutionConfigurationPlatforms) = preSolution
		Debug|Any CPU = Debug|Any CPU
		Release|Any CPU = Release|Any CPU
	EndGlobalSection
	GlobalSection(ProjectConfigurationPlatforms) = postSolution
		{521F19A2-BF99-492B-81F7-DC59AEAA2395}.Debug|Any CPU.ActiveCfg = Debug|Any CPU
		{521F19A2-BF99-492B-81F7-DC59AEAA2395}.Debug|Any CPU.Build.0 = Debug|Any CPU
		{521F19A2-BF99-492B-81F7-DC59AEAA2395}.Release|Any CPU.ActiveCfg = Release|Any CPU
		{521F19A2-BF99-492B-81F7-DC59AEAA2395}.Release|Any CPU.Build.0 = Release|Any CPU
		{4FD8C2D7-9387-42CB-9294-CC34A3BC9FD7}.Debug|Any CPU.ActiveCfg = Debug|Any CPU
		{4FD8C2D7-9387-42CB-9294-CC34A3BC9FD7}.Debug|Any CPU.Build.0 = Debug|Any CPU
		{4FD8C2D7-9387-42CB-9294-CC34A3BC9FD7}.Release|Any CPU.ActiveCfg = Release|Any CPU
		{4FD8C2D7-9387-42CB-9294-CC34A3BC9FD7}.Release|Any CPU.Build.0 = Release|Any CPU
		{49AD0C9F-0AEB-40F0-88ED-861EF1644179}.Debug|Any CPU.ActiveCfg = Debug|Any CPU
		{49AD0C9F-0AEB-40F0-88ED-861EF1644179}.Debug|Any CPU.Build.0 = Debug|Any CPU
		{49AD0C9F-0AEB-40F0-88ED-861EF1644179}.Release|Any CPU.ActiveCfg = Release|Any CPU
		{49AD0C9F-0AEB-40F0-88ED-861EF1644179}.Release|Any CPU.Build.0 = Release|Any CPU
	EndGlobalSection
	GlobalSection(SolutionProperties) = preSolution
		HideSolutionNode = FALSE
	EndGlobalSection
	GlobalSection(ExtensibilityGlobals) = postSolution
		SolutionGuid = {B67DA009-F3E4-4B0E-A649-14CEA19BB02B}
	EndGlobalSection
EndGlobal
