
Microsoft Visual Studio Solution File, Format Version 12.00
# Visual Studio 14
VisualStudioVersion = 14.0.25123.0
MinimumVisualStudioVersion = 10.0.40219.1
Project("{FAE04EC0-301F-11D3-BF4B-00C04F79EFBC}") = "Wheatech.ObjectMapper", "src\Wheatech.ObjectMapper.csproj", "{7374D484-0528-4C11-BA72-059FF63CB44F}"
EndProject
Global
	GlobalSection(SolutionConfigurationPlatforms) = preSolution
		Debug|Any CPU = Debug|Any CPU
		Release|Any CPU = Release|Any CPU
	EndGlobalSection
	GlobalSection(ProjectConfigurationPlatforms) = postSolution
		{7374D484-0528-4C11-BA72-059FF63CB44F}.Debug|Any CPU.ActiveCfg = Debug|Any CPU
		{7374D484-0528-4C11-BA72-059FF63CB44F}.Debug|Any CPU.Build.0 = Debug|Any CPU
		{7374D484-0528-4C11-BA72-059FF63CB44F}.Release|Any CPU.ActiveCfg = Release|Any CPU
		{7374D484-0528-4C11-BA72-059FF63CB44F}.Release|Any CPU.Build.0 = Release|Any CPU
	EndGlobalSection
	GlobalSection(SolutionProperties) = preSolution
		HideSolutionNode = FALSE
	EndGlobalSection
EndGlobal
